
Microsoft Visual Studio Solution File, Format Version 12.00
# Visual Studio Version 17
VisualStudioVersion = 17.2.32526.322
MinimumVisualStudioVersion = 10.0.40219.1
Project("{FAE04EC0-301F-11D3-BF4B-00C04F79EFBC}") = "CourtTennisBookingV3", "CourtTennisBookingV3.csproj", "{3565558D-A627-4FC7-BC7D-0C3E8659A9EB}"
EndProject
Global
	GlobalSection(SolutionConfigurationPlatforms) = preSolution
		Debug|Any CPU = Debug|Any CPU
		Release|Any CPU = Release|Any CPU
	EndGlobalSection
	GlobalSection(ProjectConfigurationPlatforms) = postSolution
		{3565558D-A627-4FC7-BC7D-0C3E8659A9EB}.Debug|Any CPU.ActiveCfg = Debug|Any CPU
		{3565558D-A627-4FC7-BC7D-0C3E8659A9EB}.Debug|Any CPU.Build.0 = Debug|Any CPU
		{3565558D-A627-4FC7-BC7D-0C3E8659A9EB}.Release|Any CPU.ActiveCfg = Release|Any CPU
		{3565558D-A627-4FC7-BC7D-0C3E8659A9EB}.Release|Any CPU.Build.0 = Release|Any CPU
	EndGlobalSection
	GlobalSection(SolutionProperties) = preSolution
		HideSolutionNode = FALSE
	EndGlobalSection
	GlobalSection(ExtensibilityGlobals) = postSolution
		SolutionGuid = {DC0B50B8-949F-49A7-A3A0-ED5B1580ABF3}
	EndGlobalSection
EndGlobal
